
Microsoft Visual Studio Solution File, Format Version 12.00
# Visual Studio Version 17
VisualStudioVersion = 17.7.34221.43
MinimumVisualStudioVersion = 10.0.40219.1
Project("{FAE04EC0-301F-11D3-BF4B-00C04F79EFBC}") = "TelegramBotA", "TelegramBotA\TelegramBotA.csproj", "{73FF0AA5-466F-466D-9ABE-CFDA42B3D448}"
EndProject
Global
	GlobalSection(SolutionConfigurationPlatforms) = preSolution
		Debug|Any CPU = Debug|Any CPU
		Release|Any CPU = Release|Any CPU
	EndGlobalSection
	GlobalSection(ProjectConfigurationPlatforms) = postSolution
		{73FF0AA5-466F-466D-9ABE-CFDA42B3D448}.Debug|Any CPU.ActiveCfg = Debug|Any CPU
		{73FF0AA5-466F-466D-9ABE-CFDA42B3D448}.Debug|Any CPU.Build.0 = Debug|Any CPU
		{73FF0AA5-466F-466D-9ABE-CFDA42B3D448}.Release|Any CPU.ActiveCfg = Release|Any CPU
		{73FF0AA5-466F-466D-9ABE-CFDA42B3D448}.Release|Any CPU.Build.0 = Release|Any CPU
	EndGlobalSection
	GlobalSection(SolutionProperties) = preSolution
		HideSolutionNode = FALSE
	EndGlobalSection
	GlobalSection(ExtensibilityGlobals) = postSolution
		SolutionGuid = {AF670DC8-EDCF-495B-B5BC-7362218C9A56}
	EndGlobalSection
EndGlobal
